
Microsoft Visual Studio Solution File, Format Version 12.00
# Visual Studio 14
VisualStudioVersion = 14.0.25420.1
MinimumVisualStudioVersion = 10.0.40219.1
Project("{FAE04EC0-301F-11D3-BF4B-00C04F79EFBC}") = "Movies.Core", "Movies.Core\Movies.Core.csproj", "{591DF240-0EE3-4EFB-A26C-06EC88F830E4}"
EndProject
Project("{FAE04EC0-301F-11D3-BF4B-00C04F79EFBC}") = "Movies.Web", "Movies.Web\Movies.Web.csproj", "{D3FE303C-697A-430A-A5B1-1A4F03228493}"
EndProject
Global
	GlobalSection(SolutionConfigurationPlatforms) = preSolution
		Debug|Any CPU = Debug|Any CPU
		Release|Any CPU = Release|Any CPU
	EndGlobalSection
	GlobalSection(ProjectConfigurationPlatforms) = postSolution
		{591DF240-0EE3-4EFB-A26C-06EC88F830E4}.Debug|Any CPU.ActiveCfg = Debug|Any CPU
		{591DF240-0EE3-4EFB-A26C-06EC88F830E4}.Debug|Any CPU.Build.0 = Debug|Any CPU
		{591DF240-0EE3-4EFB-A26C-06EC88F830E4}.Release|Any CPU.ActiveCfg = Release|Any CPU
		{591DF240-0EE3-4EFB-A26C-06EC88F830E4}.Release|Any CPU.Build.0 = Release|Any CPU
		{D3FE303C-697A-430A-A5B1-1A4F03228493}.Debug|Any CPU.ActiveCfg = Debug|Any CPU
		{D3FE303C-697A-430A-A5B1-1A4F03228493}.Debug|Any CPU.Build.0 = Debug|Any CPU
		{D3FE303C-697A-430A-A5B1-1A4F03228493}.Release|Any CPU.ActiveCfg = Release|Any CPU
		{D3FE303C-697A-430A-A5B1-1A4F03228493}.Release|Any CPU.Build.0 = Release|Any CPU
	EndGlobalSection
	GlobalSection(SolutionProperties) = preSolution
		HideSolutionNode = FALSE
	EndGlobalSection
EndGlobal
